# This file was autogenerated by uv via the following command:
#    uv pip compile requirements.txt --output-file=requirements.lock
certifi==2025.4.26
    # via
    #   -r requirements.txt
    #   requests
charset-normalizer==3.4.2
    # via
    #   -r requirements.txt
    #   requests
idna==3.10
    # via
    #   -r requirements.txt
    #   requests
psycopg2-binary==2.9.10
    # via -r requirements.txt
python-dotenv==1.1.0
    # via -r requirements.txt
requests==2.32.3
    # via -r requirements.txt
urllib3==2.4.0
    # via
    #   -r requirements.txt
    #   requests
